github.com/dimonrus/gohelp v1.1.1 h1:oCHQ7WpCKv4DYwO1C8y3dLDGLYHWcszd7byY4wyvDIA=
github.com/dimonrus/gohelp v1.1.1/go.mod h1:0zBPZxKW6rn2NEMWiCxyswKTdqM6UnSFrbR5H846ujk=
github.com/dimonrus/porterr v1.10.4 h1:pq8qIep+wUzSzWVMyg4F3RaSg2ltOfWGDa5cMrnh8mI=
github.com/dimonrus/porterr v1.10.4/go.mod h1:BCVpaUyYdawPPzeAa8yjCYvemctND1I9ER/nFnOyDgQ=
